
Microsoft Visual Studio Solution File, Format Version 12.00
# Visual Studio 2012
Project("{FAE04EC0-301F-11D3-BF4B-00C04F79EFBC}") = "RssSample", "RssSample\RssSample.csproj", "{C009986B-C403-4490-8078-9237DDDE15F7}"
EndProject
Project("{FAE04EC0-301F-11D3-BF4B-00C04F79EFBC}") = "RssSample.iOS", "iOS\RssSample.iOS.csproj", "{550B3185-C1B3-4313-8469-38C5D9109AEF}"
EndProject
Project("{FAE04EC0-301F-11D3-BF4B-00C04F79EFBC}") = "RssSample.Droid", "Droid\RssSample.Droid.csproj", "{28C46770-56AF-467E-B213-0638D7B7EC44}"
EndProject
Global
	GlobalSection(SolutionConfigurationPlatforms) = preSolution
		Debug|Any CPU = Debug|Any CPU
		Release|Any CPU = Release|Any CPU
		Debug|iPhoneSimulator = Debug|iPhoneSimulator
		Release|iPhone = Release|iPhone
		Release|iPhoneSimulator = Release|iPhoneSimulator
		Debug|iPhone = Debug|iPhone
	EndGlobalSection
	GlobalSection(ProjectConfigurationPlatforms) = postSolution
		{C009986B-C403-4490-8078-9237DDDE15F7}.Debug|Any CPU.ActiveCfg = Debug|Any CPU
		{C009986B-C403-4490-8078-9237DDDE15F7}.Debug|Any CPU.Build.0 = Debug|Any CPU
		{C009986B-C403-4490-8078-9237DDDE15F7}.Release|Any CPU.ActiveCfg = Release|Any CPU
		{C009986B-C403-4490-8078-9237DDDE15F7}.Release|Any CPU.Build.0 = Release|Any CPU
		{C009986B-C403-4490-8078-9237DDDE15F7}.Debug|iPhoneSimulator.ActiveCfg = Debug|Any CPU
		{C009986B-C403-4490-8078-9237DDDE15F7}.Debug|iPhoneSimulator.Build.0 = Debug|Any CPU
		{C009986B-C403-4490-8078-9237DDDE15F7}.Release|iPhone.ActiveCfg = Release|Any CPU
		{C009986B-C403-4490-8078-9237DDDE15F7}.Release|iPhone.Build.0 = Release|Any CPU
		{C009986B-C403-4490-8078-9237DDDE15F7}.Release|iPhoneSimulator.ActiveCfg = Release|Any CPU
		{C009986B-C403-4490-8078-9237DDDE15F7}.Release|iPhoneSimulator.Build.0 = Release|Any CPU
		{C009986B-C403-4490-8078-9237DDDE15F7}.Debug|iPhone.ActiveCfg = Debug|Any CPU
		{C009986B-C403-4490-8078-9237DDDE15F7}.Debug|iPhone.Build.0 = Debug|Any CPU
		{550B3185-C1B3-4313-8469-38C5D9109AEF}.Debug|Any CPU.ActiveCfg = Debug|iPhoneSimulator
		{550B3185-C1B3-4313-8469-38C5D9109AEF}.Debug|Any CPU.Build.0 = Debug|iPhoneSimulator
		{550B3185-C1B3-4313-8469-38C5D9109AEF}.Release|Any CPU.ActiveCfg = Release|iPhone
		{550B3185-C1B3-4313-8469-38C5D9109AEF}.Release|Any CPU.Build.0 = Release|iPhone
		{550B3185-C1B3-4313-8469-38C5D9109AEF}.Debug|iPhoneSimulator.ActiveCfg = Debug|iPhoneSimulator
		{550B3185-C1B3-4313-8469-38C5D9109AEF}.Debug|iPhoneSimulator.Build.0 = Debug|iPhoneSimulator
		{550B3185-C1B3-4313-8469-38C5D9109AEF}.Release|iPhone.ActiveCfg = Release|iPhone
		{550B3185-C1B3-4313-8469-38C5D9109AEF}.Release|iPhone.Build.0 = Release|iPhone
		{550B3185-C1B3-4313-8469-38C5D9109AEF}.Release|iPhoneSimulator.ActiveCfg = Release|iPhoneSimulator
		{550B3185-C1B3-4313-8469-38C5D9109AEF}.Release|iPhoneSimulator.Build.0 = Release|iPhoneSimulator
		{550B3185-C1B3-4313-8469-38C5D9109AEF}.Debug|iPhone.ActiveCfg = Debug|iPhone
		{550B3185-C1B3-4313-8469-38C5D9109AEF}.Debug|iPhone.Build.0 = Debug|iPhone
		{28C46770-56AF-467E-B213-0638D7B7EC44}.Debug|Any CPU.ActiveCfg = Debug|Any CPU
		{28C46770-56AF-467E-B213-0638D7B7EC44}.Debug|Any CPU.Build.0 = Debug|Any CPU
		{28C46770-56AF-467E-B213-0638D7B7EC44}.Release|Any CPU.ActiveCfg = Release|Any CPU
		{28C46770-56AF-467E-B213-0638D7B7EC44}.Release|Any CPU.Build.0 = Release|Any CPU
		{28C46770-56AF-467E-B213-0638D7B7EC44}.Debug|iPhoneSimulator.ActiveCfg = Debug|Any CPU
		{28C46770-56AF-467E-B213-0638D7B7EC44}.Debug|iPhoneSimulator.Build.0 = Debug|Any CPU
		{28C46770-56AF-467E-B213-0638D7B7EC44}.Release|iPhone.ActiveCfg = Release|Any CPU
		{28C46770-56AF-467E-B213-0638D7B7EC44}.Release|iPhone.Build.0 = Release|Any CPU
		{28C46770-56AF-467E-B213-0638D7B7EC44}.Release|iPhoneSimulator.ActiveCfg = Release|Any CPU
		{28C46770-56AF-467E-B213-0638D7B7EC44}.Release|iPhoneSimulator.Build.0 = Release|Any CPU
		{28C46770-56AF-467E-B213-0638D7B7EC44}.Debug|iPhone.ActiveCfg = Debug|Any CPU
		{28C46770-56AF-467E-B213-0638D7B7EC44}.Debug|iPhone.Build.0 = Debug|Any CPU
	EndGlobalSection
EndGlobal
